
Microsoft Visual Studio Solution File, Format Version 12.00
# Visual Studio 15
VisualStudioVersion = 15.0.28307.1340
MinimumVisualStudioVersion = 10.0.40219.1
Project("{FAE04EC0-301F-11D3-BF4B-00C04F79EFBC}") = "E_Commercial_Db.EntitiyLayer", "E_Commercial_Db\E_Commercial_Db.EntitiyLayer.csproj", "{F6B10C5C-67AD-4C52-B612-E1C9F4311ECF}"
EndProject
Project("{FAE04EC0-301F-11D3-BF4B-00C04F79EFBC}") = "E_Commercial_Db.DataAccessLayer", "E_Commercial_Db.DataAccessLayer\E_Commercial_Db.DataAccessLayer.csproj", "{EB84C06E-98DB-450F-BEA6-6BB545CA88B4}"
EndProject
Global
	GlobalSection(SolutionConfigurationPlatforms) = preSolution
		Debug|Any CPU = Debug|Any CPU
		Release|Any CPU = Release|Any CPU
	EndGlobalSection
	GlobalSection(ProjectConfigurationPlatforms) = postSolution
		{F6B10C5C-67AD-4C52-B612-E1C9F4311ECF}.Debug|Any CPU.ActiveCfg = Debug|Any CPU
		{F6B10C5C-67AD-4C52-B612-E1C9F4311ECF}.Debug|Any CPU.Build.0 = Debug|Any CPU
		{F6B10C5C-67AD-4C52-B612-E1C9F4311ECF}.Release|Any CPU.ActiveCfg = Release|Any CPU
		{F6B10C5C-67AD-4C52-B612-E1C9F4311ECF}.Release|Any CPU.Build.0 = Release|Any CPU
		{EB84C06E-98DB-450F-BEA6-6BB545CA88B4}.Debug|Any CPU.ActiveCfg = Debug|Any CPU
		{EB84C06E-98DB-450F-BEA6-6BB545CA88B4}.Debug|Any CPU.Build.0 = Debug|Any CPU
		{EB84C06E-98DB-450F-BEA6-6BB545CA88B4}.Release|Any CPU.ActiveCfg = Release|Any CPU
		{EB84C06E-98DB-450F-BEA6-6BB545CA88B4}.Release|Any CPU.Build.0 = Release|Any CPU
	EndGlobalSection
	GlobalSection(SolutionProperties) = preSolution
		HideSolutionNode = FALSE
	EndGlobalSection
	GlobalSection(ExtensibilityGlobals) = postSolution
		SolutionGuid = {3D1CB785-6B56-4288-9407-59EE1D7F88FF}
	EndGlobalSection
EndGlobal
